
Microsoft Visual Studio Solution File, Format Version 12.00
# Visual Studio 15
VisualStudioVersion = 15.0.28307.329
MinimumVisualStudioVersion = 10.0.40219.1
Project("{FAE04EC0-301F-11D3-BF4B-00C04F79EFBC}") = "Calculator", "Calculator\Calculator.csproj", "{BC6A10A1-2904-457D-BE4F-2B9C89096164}"
EndProject
Global
	GlobalSection(SolutionConfigurationPlatforms) = preSolution
		Debug|Any CPU = Debug|Any CPU
		Release|Any CPU = Release|Any CPU
	EndGlobalSection
	GlobalSection(ProjectConfigurationPlatforms) = postSolution
		{BC6A10A1-2904-457D-BE4F-2B9C89096164}.Debug|Any CPU.ActiveCfg = Debug|Any CPU
		{BC6A10A1-2904-457D-BE4F-2B9C89096164}.Debug|Any CPU.Build.0 = Debug|Any CPU
		{BC6A10A1-2904-457D-BE4F-2B9C89096164}.Release|Any CPU.ActiveCfg = Release|Any CPU
		{BC6A10A1-2904-457D-BE4F-2B9C89096164}.Release|Any CPU.Build.0 = Release|Any CPU
	EndGlobalSection
	GlobalSection(SolutionProperties) = preSolution
		HideSolutionNode = FALSE
	EndGlobalSection
	GlobalSection(ExtensibilityGlobals) = postSolution
		SolutionGuid = {C0E40028-665E-4FA8-8CB4-28C93E93C70B}
	EndGlobalSection
EndGlobal
